
Microsoft Visual Studio Solution File, Format Version 12.00
# Visual Studio 2013
VisualStudioVersion = 12.0.31101.0
MinimumVisualStudioVersion = 10.0.40219.1
Project("{FAE04EC0-301F-11D3-BF4B-00C04F79EFBC}") = "StockWatch.Utility", "StockWatch.Utility\StockWatch.Utility.csproj", "{8C41CB50-3835-4DEB-AA52-AB962F38AF9B}"
EndProject
Project("{FAE04EC0-301F-11D3-BF4B-00C04F79EFBC}") = "StockWatch.Utility.Test", "StockWatch.Utility.Test\StockWatch.Utility.Test.csproj", "{99A37376-0A6F-41EC-8B41-1590D0BA3165}"
EndProject
Global
	GlobalSection(SolutionConfigurationPlatforms) = preSolution
		Debug|Any CPU = Debug|Any CPU
		Release|Any CPU = Release|Any CPU
	EndGlobalSection
	GlobalSection(ProjectConfigurationPlatforms) = postSolution
		{8C41CB50-3835-4DEB-AA52-AB962F38AF9B}.Debug|Any CPU.ActiveCfg = Debug|Any CPU
		{8C41CB50-3835-4DEB-AA52-AB962F38AF9B}.Debug|Any CPU.Build.0 = Debug|Any CPU
		{8C41CB50-3835-4DEB-AA52-AB962F38AF9B}.Release|Any CPU.ActiveCfg = Release|Any CPU
		{8C41CB50-3835-4DEB-AA52-AB962F38AF9B}.Release|Any CPU.Build.0 = Release|Any CPU
		{99A37376-0A6F-41EC-8B41-1590D0BA3165}.Debug|Any CPU.ActiveCfg = Debug|Any CPU
		{99A37376-0A6F-41EC-8B41-1590D0BA3165}.Debug|Any CPU.Build.0 = Debug|Any CPU
		{99A37376-0A6F-41EC-8B41-1590D0BA3165}.Release|Any CPU.ActiveCfg = Release|Any CPU
		{99A37376-0A6F-41EC-8B41-1590D0BA3165}.Release|Any CPU.Build.0 = Release|Any CPU
	EndGlobalSection
	GlobalSection(SolutionProperties) = preSolution
		HideSolutionNode = FALSE
	EndGlobalSection
EndGlobal
