
Microsoft Visual Studio Solution File, Format Version 12.00
# Visual Studio 2013
VisualStudioVersion = 12.0.31101.0
MinimumVisualStudioVersion = 10.0.40219.1
Project("{FAE04EC0-301F-11D3-BF4B-00C04F79EFBC}") = "StockWatch.Utility", "StockWatch.Utility\StockWatch.Utility.csproj", "{8C41CB50-3835-4DEB-AA52-AB962F38AF9B}"
EndProject
Project("{FAE04EC0-301F-11D3-BF4B-00C04F79EFBC}") = "StockWatch.Utility.Test", "StockWatch.Utility.Test\StockWatch.Utility.Test.csproj", "{99A37376-0A6F-41EC-8B41-1590D0BA3165}"
EndProject
Project("{FAE04EC0-301F-11D3-BF4B-00C04F79EFBC}") = "StockWatch.Internet", "StockWatch.Internet\StockWatch.Internet.csproj", "{84CC3B1C-488C-4C96-A4B4-1BCEA0A622FD}"
EndProject
Project("{FAE04EC0-301F-11D3-BF4B-00C04F79EFBC}") = "StockWatch.Entities", "StockWatch.Entities\StockWatch.Entities.csproj", "{3F90C7DC-BCD7-4A6D-B70A-E8B740BB0A74}"
EndProject
Project("{FAE04EC0-301F-11D3-BF4B-00C04F79EFBC}") = "StockWatch.Entities.Test", "StockWatch.Entities.Test\StockWatch.Entities.Test.csproj", "{0EB0943D-97B8-455D-BEC2-1FC3DD7C9850}"
EndProject
Project("{FAE04EC0-301F-11D3-BF4B-00C04F79EFBC}") = "StockWatch.Internet.Test", "StockWatch.Internet.Test\StockWatch.Internet.Test.csproj", "{18AAC0E8-9B09-437C-8E16-B42341FD440D}"
EndProject
Project("{FAE04EC0-301F-11D3-BF4B-00C04F79EFBC}") = "StockWatch.Algorithm.Test", "StockWatch.Algorithm.Test\StockWatch.Algorithm.Test.csproj", "{E122E092-A65C-4F9D-ABB1-5076D6141406}"
EndProject
Project("{FAE04EC0-301F-11D3-BF4B-00C04F79EFBC}") = "StockWatch.Algorithm", "StockWatch.Algorithm\StockWatch.Algorithm.csproj", "{6EAB6306-7C98-4EDC-B4CD-67AEA5099C06}"
EndProject
Project("{FAE04EC0-301F-11D3-BF4B-00C04F79EFBC}") = "StockWatch.DataAccess", "StockWatch.DataAccess\StockWatch.DataAccess.csproj", "{5E30700E-EC18-4D82-9E45-28BB9D2F6083}"
EndProject
Project("{FAE04EC0-301F-11D3-BF4B-00C04F79EFBC}") = "StockWatch.DataAccess.Test", "StockWatch.DataAccess.Test\StockWatch.DataAccess.Test.csproj", "{C3825BDD-6E0D-455A-A336-562E41C578A1}"
EndProject
Project("{FAE04EC0-301F-11D3-BF4B-00C04F79EFBC}") = "StockWatch.DataService", "StockWatch.DataService\StockWatch.DataService.csproj", "{AE7BB115-1D0C-4DC2-922F-EB4BAE02A037}"
EndProject
Project("{FAE04EC0-301F-11D3-BF4B-00C04F79EFBC}") = "StockWatch.DataService.Test", "StockWatch.DataService.Test\StockWatch.DataService.Test.csproj", "{081FCF6E-567A-4D95-AF8A-BEEAE69BB60F}"
EndProject
Project("{FAE04EC0-301F-11D3-BF4B-00C04F79EFBC}") = "StockWatch.WinSvc", "StockWatch.WinSvc\StockWatch.WinSvc.csproj", "{8FAFD981-78D4-4C59-97C1-A0C4D5868292}"
EndProject
Global
	GlobalSection(SolutionConfigurationPlatforms) = preSolution
		Debug|Any CPU = Debug|Any CPU
		Release|Any CPU = Release|Any CPU
	EndGlobalSection
	GlobalSection(ProjectConfigurationPlatforms) = postSolution
		{8C41CB50-3835-4DEB-AA52-AB962F38AF9B}.Debug|Any CPU.ActiveCfg = Debug|Any CPU
		{8C41CB50-3835-4DEB-AA52-AB962F38AF9B}.Debug|Any CPU.Build.0 = Debug|Any CPU
		{8C41CB50-3835-4DEB-AA52-AB962F38AF9B}.Release|Any CPU.ActiveCfg = Release|Any CPU
		{8C41CB50-3835-4DEB-AA52-AB962F38AF9B}.Release|Any CPU.Build.0 = Release|Any CPU
		{99A37376-0A6F-41EC-8B41-1590D0BA3165}.Debug|Any CPU.ActiveCfg = Debug|Any CPU
		{99A37376-0A6F-41EC-8B41-1590D0BA3165}.Debug|Any CPU.Build.0 = Debug|Any CPU
		{99A37376-0A6F-41EC-8B41-1590D0BA3165}.Release|Any CPU.ActiveCfg = Release|Any CPU
		{99A37376-0A6F-41EC-8B41-1590D0BA3165}.Release|Any CPU.Build.0 = Release|Any CPU
		{84CC3B1C-488C-4C96-A4B4-1BCEA0A622FD}.Debug|Any CPU.ActiveCfg = Debug|Any CPU
		{84CC3B1C-488C-4C96-A4B4-1BCEA0A622FD}.Debug|Any CPU.Build.0 = Debug|Any CPU
		{84CC3B1C-488C-4C96-A4B4-1BCEA0A622FD}.Release|Any CPU.ActiveCfg = Release|Any CPU
		{84CC3B1C-488C-4C96-A4B4-1BCEA0A622FD}.Release|Any CPU.Build.0 = Release|Any CPU
		{3F90C7DC-BCD7-4A6D-B70A-E8B740BB0A74}.Debug|Any CPU.ActiveCfg = Debug|Any CPU
		{3F90C7DC-BCD7-4A6D-B70A-E8B740BB0A74}.Debug|Any CPU.Build.0 = Debug|Any CPU
		{3F90C7DC-BCD7-4A6D-B70A-E8B740BB0A74}.Release|Any CPU.ActiveCfg = Release|Any CPU
		{3F90C7DC-BCD7-4A6D-B70A-E8B740BB0A74}.Release|Any CPU.Build.0 = Release|Any CPU
		{0EB0943D-97B8-455D-BEC2-1FC3DD7C9850}.Debug|Any CPU.ActiveCfg = Debug|Any CPU
		{0EB0943D-97B8-455D-BEC2-1FC3DD7C9850}.Debug|Any CPU.Build.0 = Debug|Any CPU
		{0EB0943D-97B8-455D-BEC2-1FC3DD7C9850}.Release|Any CPU.ActiveCfg = Release|Any CPU
		{0EB0943D-97B8-455D-BEC2-1FC3DD7C9850}.Release|Any CPU.Build.0 = Release|Any CPU
		{18AAC0E8-9B09-437C-8E16-B42341FD440D}.Debug|Any CPU.ActiveCfg = Debug|Any CPU
		{18AAC0E8-9B09-437C-8E16-B42341FD440D}.Debug|Any CPU.Build.0 = Debug|Any CPU
		{18AAC0E8-9B09-437C-8E16-B42341FD440D}.Release|Any CPU.ActiveCfg = Release|Any CPU
		{18AAC0E8-9B09-437C-8E16-B42341FD440D}.Release|Any CPU.Build.0 = Release|Any CPU
		{E122E092-A65C-4F9D-ABB1-5076D6141406}.Debug|Any CPU.ActiveCfg = Debug|Any CPU
		{E122E092-A65C-4F9D-ABB1-5076D6141406}.Debug|Any CPU.Build.0 = Debug|Any CPU
		{E122E092-A65C-4F9D-ABB1-5076D6141406}.Release|Any CPU.ActiveCfg = Release|Any CPU
		{E122E092-A65C-4F9D-ABB1-5076D6141406}.Release|Any CPU.Build.0 = Release|Any CPU
		{6EAB6306-7C98-4EDC-B4CD-67AEA5099C06}.Debug|Any CPU.ActiveCfg = Debug|Any CPU
		{6EAB6306-7C98-4EDC-B4CD-67AEA5099C06}.Debug|Any CPU.Build.0 = Debug|Any CPU
		{6EAB6306-7C98-4EDC-B4CD-67AEA5099C06}.Release|Any CPU.ActiveCfg = Release|Any CPU
		{6EAB6306-7C98-4EDC-B4CD-67AEA5099C06}.Release|Any CPU.Build.0 = Release|Any CPU
		{5E30700E-EC18-4D82-9E45-28BB9D2F6083}.Debug|Any CPU.ActiveCfg = Debug|Any CPU
		{5E30700E-EC18-4D82-9E45-28BB9D2F6083}.Debug|Any CPU.Build.0 = Debug|Any CPU
		{5E30700E-EC18-4D82-9E45-28BB9D2F6083}.Release|Any CPU.ActiveCfg = Release|Any CPU
		{5E30700E-EC18-4D82-9E45-28BB9D2F6083}.Release|Any CPU.Build.0 = Release|Any CPU
		{C3825BDD-6E0D-455A-A336-562E41C578A1}.Debug|Any CPU.ActiveCfg = Debug|Any CPU
		{C3825BDD-6E0D-455A-A336-562E41C578A1}.Debug|Any CPU.Build.0 = Debug|Any CPU
		{C3825BDD-6E0D-455A-A336-562E41C578A1}.Release|Any CPU.ActiveCfg = Release|Any CPU
		{C3825BDD-6E0D-455A-A336-562E41C578A1}.Release|Any CPU.Build.0 = Release|Any CPU
		{AE7BB115-1D0C-4DC2-922F-EB4BAE02A037}.Debug|Any CPU.ActiveCfg = Debug|Any CPU
		{AE7BB115-1D0C-4DC2-922F-EB4BAE02A037}.Debug|Any CPU.Build.0 = Debug|Any CPU
		{AE7BB115-1D0C-4DC2-922F-EB4BAE02A037}.Release|Any CPU.ActiveCfg = Release|Any CPU
		{AE7BB115-1D0C-4DC2-922F-EB4BAE02A037}.Release|Any CPU.Build.0 = Release|Any CPU
		{081FCF6E-567A-4D95-AF8A-BEEAE69BB60F}.Debug|Any CPU.ActiveCfg = Debug|Any CPU
		{081FCF6E-567A-4D95-AF8A-BEEAE69BB60F}.Debug|Any CPU.Build.0 = Debug|Any CPU
		{081FCF6E-567A-4D95-AF8A-BEEAE69BB60F}.Release|Any CPU.ActiveCfg = Release|Any CPU
		{081FCF6E-567A-4D95-AF8A-BEEAE69BB60F}.Release|Any CPU.Build.0 = Release|Any CPU
		{8FAFD981-78D4-4C59-97C1-A0C4D5868292}.Debug|Any CPU.ActiveCfg = Debug|Any CPU
		{8FAFD981-78D4-4C59-97C1-A0C4D5868292}.Debug|Any CPU.Build.0 = Debug|Any CPU
		{8FAFD981-78D4-4C59-97C1-A0C4D5868292}.Release|Any CPU.ActiveCfg = Release|Any CPU
		{8FAFD981-78D4-4C59-97C1-A0C4D5868292}.Release|Any CPU.Build.0 = Release|Any CPU
	EndGlobalSection
	GlobalSection(SolutionProperties) = preSolution
		HideSolutionNode = FALSE
	EndGlobalSection
EndGlobal
