
Microsoft Visual Studio Solution File, Format Version 12.00
# Visual Studio 2013
VisualStudioVersion = 12.0.31101.0
MinimumVisualStudioVersion = 10.0.40219.1
Project("{FAE04EC0-301F-11D3-BF4B-00C04F79EFBC}") = "StockWatch.WebApi", "StockWatch.WebApi\StockWatch.WebApi.csproj", "{1EA555AE-D459-4EFC-A6E3-A2D92061BD22}"
EndProject
Project("{FAE04EC0-301F-11D3-BF4B-00C04F79EFBC}") = "StockWatch.WebHost", "StockWatch.WebHost\StockWatch.WebHost.csproj", "{16AE419E-9EAB-4FD0-B59E-4CBA3F0EF777}"
EndProject
Project("{FAE04EC0-301F-11D3-BF4B-00C04F79EFBC}") = "StockWatch.WebConsole", "StockWatch.WebConsole\StockWatch.WebConsole.csproj", "{7F08ADAD-1B68-414E-9036-2A5DD5A1BAB7}"
EndProject
Project("{FAE04EC0-301F-11D3-BF4B-00C04F79EFBC}") = "StockWatch.WebKO", "StockWatch.WebKO\StockWatch.WebKO.csproj", "{D3388EEB-D5FB-4ABD-8ABD-F99EE032D677}"
EndProject
Global
	GlobalSection(SolutionConfigurationPlatforms) = preSolution
		Debug|Any CPU = Debug|Any CPU
		Release|Any CPU = Release|Any CPU
	EndGlobalSection
	GlobalSection(ProjectConfigurationPlatforms) = postSolution
		{1EA555AE-D459-4EFC-A6E3-A2D92061BD22}.Debug|Any CPU.ActiveCfg = Debug|Any CPU
		{1EA555AE-D459-4EFC-A6E3-A2D92061BD22}.Debug|Any CPU.Build.0 = Debug|Any CPU
		{1EA555AE-D459-4EFC-A6E3-A2D92061BD22}.Release|Any CPU.ActiveCfg = Release|Any CPU
		{1EA555AE-D459-4EFC-A6E3-A2D92061BD22}.Release|Any CPU.Build.0 = Release|Any CPU
		{16AE419E-9EAB-4FD0-B59E-4CBA3F0EF777}.Debug|Any CPU.ActiveCfg = Debug|Any CPU
		{16AE419E-9EAB-4FD0-B59E-4CBA3F0EF777}.Debug|Any CPU.Build.0 = Debug|Any CPU
		{16AE419E-9EAB-4FD0-B59E-4CBA3F0EF777}.Release|Any CPU.ActiveCfg = Release|Any CPU
		{16AE419E-9EAB-4FD0-B59E-4CBA3F0EF777}.Release|Any CPU.Build.0 = Release|Any CPU
		{7F08ADAD-1B68-414E-9036-2A5DD5A1BAB7}.Debug|Any CPU.ActiveCfg = Debug|Any CPU
		{7F08ADAD-1B68-414E-9036-2A5DD5A1BAB7}.Debug|Any CPU.Build.0 = Debug|Any CPU
		{7F08ADAD-1B68-414E-9036-2A5DD5A1BAB7}.Release|Any CPU.ActiveCfg = Release|Any CPU
		{7F08ADAD-1B68-414E-9036-2A5DD5A1BAB7}.Release|Any CPU.Build.0 = Release|Any CPU
		{D3388EEB-D5FB-4ABD-8ABD-F99EE032D677}.Debug|Any CPU.ActiveCfg = Debug|Any CPU
		{D3388EEB-D5FB-4ABD-8ABD-F99EE032D677}.Debug|Any CPU.Build.0 = Debug|Any CPU
		{D3388EEB-D5FB-4ABD-8ABD-F99EE032D677}.Release|Any CPU.ActiveCfg = Release|Any CPU
		{D3388EEB-D5FB-4ABD-8ABD-F99EE032D677}.Release|Any CPU.Build.0 = Release|Any CPU
	EndGlobalSection
	GlobalSection(SolutionProperties) = preSolution
		HideSolutionNode = FALSE
	EndGlobalSection
EndGlobal
